
Microsoft Visual Studio Solution File, Format Version 12.00
# Visual Studio Version 17
VisualStudioVersion = 17.0.31903.59
MinimumVisualStudioVersion = 10.0.40219.1
Project("{FAE04EC0-301F-11D3-BF4B-00C04F79EFBC}") = "RenDisco", "RenDisco\RenDisco.csproj", "{446CC560-E082-4ADE-8B25-9451DC76DAE2}"
EndProject
Project("{FAE04EC0-301F-11D3-BF4B-00C04F79EFBC}") = "RenDisco.Console", "RenDisco.Console\RenDisco.Console.csproj", "{B9F6CE70-7BC1-45A8-806F-ADE251933EC8}"
EndProject
Global
	GlobalSection(SolutionConfigurationPlatforms) = preSolution
		Debug|Any CPU = Debug|Any CPU
		Release|Any CPU = Release|Any CPU
	EndGlobalSection
	GlobalSection(SolutionProperties) = preSolution
		HideSolutionNode = FALSE
	EndGlobalSection
	GlobalSection(ProjectConfigurationPlatforms) = postSolution
		{446CC560-E082-4ADE-8B25-9451DC76DAE2}.Debug|Any CPU.ActiveCfg = Debug|Any CPU
		{446CC560-E082-4ADE-8B25-9451DC76DAE2}.Debug|Any CPU.Build.0 = Debug|Any CPU
		{446CC560-E082-4ADE-8B25-9451DC76DAE2}.Release|Any CPU.ActiveCfg = Release|Any CPU
		{446CC560-E082-4ADE-8B25-9451DC76DAE2}.Release|Any CPU.Build.0 = Release|Any CPU
		{B9F6CE70-7BC1-45A8-806F-ADE251933EC8}.Debug|Any CPU.ActiveCfg = Debug|Any CPU
		{B9F6CE70-7BC1-45A8-806F-ADE251933EC8}.Debug|Any CPU.Build.0 = Debug|Any CPU
		{B9F6CE70-7BC1-45A8-806F-ADE251933EC8}.Release|Any CPU.ActiveCfg = Release|Any CPU
		{B9F6CE70-7BC1-45A8-806F-ADE251933EC8}.Release|Any CPU.Build.0 = Release|Any CPU
	EndGlobalSection
EndGlobal
